
Microsoft Visual Studio Solution File, Format Version 12.00
# Visual Studio 15
VisualStudioVersion = 15.0.27004.2006
MinimumVisualStudioVersion = 10.0.40219.1
Project("{9A19103F-16F7-4668-BE54-9A1E7A4F7556}") = "Afproto", "Afproto\Afproto.csproj", "{FB19A037-C00E-412D-AC5A-A4F3D75F7543}"
EndProject
Project("{FAE04EC0-301F-11D3-BF4B-00C04F79EFBC}") = "AfprotoUnitTest", "AfprotoUnitTest\AfprotoUnitTest.csproj", "{B47BBACE-715B-4C05-BBDD-05B69FD19CE8}"
EndProject
Project("{FAE04EC0-301F-11D3-BF4B-00C04F79EFBC}") = "ExampleApp", "ExampleApp\ExampleApp.csproj", "{9574124A-5770-4C5B-B1E2-5392A00925A1}"
EndProject
Global
	GlobalSection(SolutionConfigurationPlatforms) = preSolution
		Debug|Any CPU = Debug|Any CPU
		Release|Any CPU = Release|Any CPU
	EndGlobalSection
	GlobalSection(ProjectConfigurationPlatforms) = postSolution
		{FB19A037-C00E-412D-AC5A-A4F3D75F7543}.Debug|Any CPU.ActiveCfg = Debug|Any CPU
		{FB19A037-C00E-412D-AC5A-A4F3D75F7543}.Debug|Any CPU.Build.0 = Debug|Any CPU
		{FB19A037-C00E-412D-AC5A-A4F3D75F7543}.Release|Any CPU.ActiveCfg = Release|Any CPU
		{FB19A037-C00E-412D-AC5A-A4F3D75F7543}.Release|Any CPU.Build.0 = Release|Any CPU
		{B47BBACE-715B-4C05-BBDD-05B69FD19CE8}.Debug|Any CPU.ActiveCfg = Debug|Any CPU
		{B47BBACE-715B-4C05-BBDD-05B69FD19CE8}.Debug|Any CPU.Build.0 = Debug|Any CPU
		{B47BBACE-715B-4C05-BBDD-05B69FD19CE8}.Release|Any CPU.ActiveCfg = Release|Any CPU
		{B47BBACE-715B-4C05-BBDD-05B69FD19CE8}.Release|Any CPU.Build.0 = Release|Any CPU
		{9574124A-5770-4C5B-B1E2-5392A00925A1}.Debug|Any CPU.ActiveCfg = Debug|Any CPU
		{9574124A-5770-4C5B-B1E2-5392A00925A1}.Debug|Any CPU.Build.0 = Debug|Any CPU
		{9574124A-5770-4C5B-B1E2-5392A00925A1}.Release|Any CPU.ActiveCfg = Release|Any CPU
		{9574124A-5770-4C5B-B1E2-5392A00925A1}.Release|Any CPU.Build.0 = Release|Any CPU
	EndGlobalSection
	GlobalSection(SolutionProperties) = preSolution
		HideSolutionNode = FALSE
	EndGlobalSection
	GlobalSection(ExtensibilityGlobals) = postSolution
		SolutionGuid = {695C3672-87E2-4263-8B05-A6CC5AEDBDAC}
	EndGlobalSection
EndGlobal
